
Microsoft Visual Studio Solution File, Format Version 12.00
# Visual Studio Version 17
VisualStudioVersion = 17.5.002.0
MinimumVisualStudioVersion = 10.0.40219.1
Project("{9A19103F-16F7-4668-BE54-9A1E7A4F7556}") = "helloworld", "helloworld.csproj", "{7C29995D-26E0-4D7F-9ED7-21043F3B09BF}"
EndProject
Global
	GlobalSection(SolutionConfigurationPlatforms) = preSolution
		Debug|Any CPU = Debug|Any CPU
		Release|Any CPU = Release|Any CPU
	EndGlobalSection
	GlobalSection(ProjectConfigurationPlatforms) = postSolution
		{7C29995D-26E0-4D7F-9ED7-21043F3B09BF}.Debug|Any CPU.ActiveCfg = Debug|Any CPU
		{7C29995D-26E0-4D7F-9ED7-21043F3B09BF}.Debug|Any CPU.Build.0 = Debug|Any CPU
		{7C29995D-26E0-4D7F-9ED7-21043F3B09BF}.Release|Any CPU.ActiveCfg = Release|Any CPU
		{7C29995D-26E0-4D7F-9ED7-21043F3B09BF}.Release|Any CPU.Build.0 = Release|Any CPU
	EndGlobalSection
	GlobalSection(SolutionProperties) = preSolution
		HideSolutionNode = FALSE
	EndGlobalSection
	GlobalSection(ExtensibilityGlobals) = postSolution
		SolutionGuid = {45F1D424-81BF-4D3D-BE2D-1BDDB86C8E70}
	EndGlobalSection
EndGlobal
